
Microsoft Visual Studio Solution File, Format Version 12.00
# Visual Studio Version 17
VisualStudioVersion = 17.5.002.0
MinimumVisualStudioVersion = 10.0.40219.1
Project("{2150E333-8FDC-42A3-9474-1A3956D46DE8}") = "csharp-prep", "csharp-prep", "{98E5590B-CAA3-444B-8826-39EFC1775C12}"
EndProject
Project("{9A19103F-16F7-4668-BE54-9A1E7A4F7556}") = "Prep1", "csharp-prep\Prep1\Prep1.csproj", "{FC85515B-53CD-4BF9-80D3-26FBBFB8F093}"
EndProject
Project("{9A19103F-16F7-4668-BE54-9A1E7A4F7556}") = "Prep2", "csharp-prep\Prep2\Prep2.csproj", "{6333653C-4FE7-4756-8156-98DA7E029B78}"
EndProject
Project("{9A19103F-16F7-4668-BE54-9A1E7A4F7556}") = "Prep3", "csharp-prep\Prep3\Prep3.csproj", "{2CFACBC5-6FCC-48E1-B65D-B4C7EC56C6BC}"
EndProject
Project("{9A19103F-16F7-4668-BE54-9A1E7A4F7556}") = "Prep4", "csharp-prep\Prep4\Prep4.csproj", "{B6068A27-D803-4BA2-BD0C-F01C93E6D176}"
EndProject
Project("{9A19103F-16F7-4668-BE54-9A1E7A4F7556}") = "Prep5", "csharp-prep\Prep5\Prep5.csproj", "{B0541AC5-9EBB-48AE-8B05-F2E1EDD84D64}"
EndProject
Project("{2150E333-8FDC-42A3-9474-1A3956D46DE8}") = "final", "final", "{5332BC83-5D08-4BDB-895A-105ED8C74938}"
EndProject
Project("{9A19103F-16F7-4668-BE54-9A1E7A4F7556}") = "FinalProject", "final\FinalProject\FinalProject.csproj", "{84169272-2593-47CD-B077-D15E6F8C421D}"
EndProject
Project("{9A19103F-16F7-4668-BE54-9A1E7A4F7556}") = "Foundation1", "final\Foundation1\Foundation1.csproj", "{0858A235-1022-4889-A98F-6BDB0F650B57}"
EndProject
Project("{9A19103F-16F7-4668-BE54-9A1E7A4F7556}") = "Foundation2", "final\Foundation2\Foundation2.csproj", "{C3AF327D-A309-4D57-A560-FF919A8CDB0B}"
EndProject
Project("{9A19103F-16F7-4668-BE54-9A1E7A4F7556}") = "Foundation3", "final\Foundation3\Foundation3.csproj", "{74614DA3-7A0B-4D86-A099-52B4FE5D8304}"
EndProject
Project("{9A19103F-16F7-4668-BE54-9A1E7A4F7556}") = "Foundation4", "final\Foundation4\Foundation4.csproj", "{260CE8B8-3F69-4171-8DF7-8000068BBF13}"
EndProject
Project("{2150E333-8FDC-42A3-9474-1A3956D46DE8}") = "prepare", "prepare", "{60C18DDF-CFDE-4290-A96C-2E9F6C9FB3DC}"
EndProject
Project("{9A19103F-16F7-4668-BE54-9A1E7A4F7556}") = "Learning02", "prepare\Learning02\Learning02.csproj", "{3A600BE4-CC4E-4434-9745-5CAE742B1DCD}"
EndProject
Project("{9A19103F-16F7-4668-BE54-9A1E7A4F7556}") = "Learning03", "prepare\Learning03\Learning03.csproj", "{2D997E9D-4D10-4999-9D5C-6476E6A5DE4B}"
EndProject
Project("{9A19103F-16F7-4668-BE54-9A1E7A4F7556}") = "Learning04", "prepare\Learning04\Learning04.csproj", "{CE61BF0A-622B-4964-AFAF-CE4F19B8E2F2}"
EndProject
Project("{9A19103F-16F7-4668-BE54-9A1E7A4F7556}") = "Learning05", "prepare\Learning05\Learning05.csproj", "{21FA6A47-C067-4E28-B64B-62F108509A7B}"
EndProject
Project("{2150E333-8FDC-42A3-9474-1A3956D46DE8}") = "prove", "prove", "{DC049AB2-A470-40B7-AF2D-BC188B4ED5D5}"
EndProject
Project("{9A19103F-16F7-4668-BE54-9A1E7A4F7556}") = "Develop02", "prove\Develop02\Develop02.csproj", "{C7753499-C0F3-491C-AB20-8D40476441F6}"
EndProject
Project("{9A19103F-16F7-4668-BE54-9A1E7A4F7556}") = "Develop03", "prove\Develop03\Develop03.csproj", "{A5E191A6-F1DD-42B5-8AE9-C483E21B703F}"
EndProject
Project("{9A19103F-16F7-4668-BE54-9A1E7A4F7556}") = "Develop04", "prove\Develop04\Develop04.csproj", "{75CCA906-E263-471A-ABC6-FC29502F1635}"
EndProject
Project("{9A19103F-16F7-4668-BE54-9A1E7A4F7556}") = "Develop05", "prove\Develop05\Develop05.csproj", "{EBE32100-0BC1-4658-AC3C-9564F0FDB317}"
EndProject
Project("{2150E333-8FDC-42A3-9474-1A3956D46DE8}") = "sandbox", "sandbox", "{A14751C9-3E04-4B66-996A-6F2745ABD4ED}"
EndProject
Project("{9A19103F-16F7-4668-BE54-9A1E7A4F7556}") = "Sandbox", "sandbox\Sandbox\Sandbox.csproj", "{C85DA8CA-65BC-4AB2-B960-A980B84A1CE8}"
EndProject
Global
	GlobalSection(SolutionConfigurationPlatforms) = preSolution
		Debug|Any CPU = Debug|Any CPU
		Release|Any CPU = Release|Any CPU
	EndGlobalSection
	GlobalSection(ProjectConfigurationPlatforms) = postSolution
		{FC85515B-53CD-4BF9-80D3-26FBBFB8F093}.Debug|Any CPU.ActiveCfg = Debug|Any CPU
		{FC85515B-53CD-4BF9-80D3-26FBBFB8F093}.Debug|Any CPU.Build.0 = Debug|Any CPU
		{FC85515B-53CD-4BF9-80D3-26FBBFB8F093}.Release|Any CPU.ActiveCfg = Release|Any CPU
		{FC85515B-53CD-4BF9-80D3-26FBBFB8F093}.Release|Any CPU.Build.0 = Release|Any CPU
		{6333653C-4FE7-4756-8156-98DA7E029B78}.Debug|Any CPU.ActiveCfg = Debug|Any CPU
		{6333653C-4FE7-4756-8156-98DA7E029B78}.Debug|Any CPU.Build.0 = Debug|Any CPU
		{6333653C-4FE7-4756-8156-98DA7E029B78}.Release|Any CPU.ActiveCfg = Release|Any CPU
		{6333653C-4FE7-4756-8156-98DA7E029B78}.Release|Any CPU.Build.0 = Release|Any CPU
		{2CFACBC5-6FCC-48E1-B65D-B4C7EC56C6BC}.Debug|Any CPU.ActiveCfg = Debug|Any CPU
		{2CFACBC5-6FCC-48E1-B65D-B4C7EC56C6BC}.Debug|Any CPU.Build.0 = Debug|Any CPU
		{2CFACBC5-6FCC-48E1-B65D-B4C7EC56C6BC}.Release|Any CPU.ActiveCfg = Release|Any CPU
		{2CFACBC5-6FCC-48E1-B65D-B4C7EC56C6BC}.Release|Any CPU.Build.0 = Release|Any CPU
		{B6068A27-D803-4BA2-BD0C-F01C93E6D176}.Debug|Any CPU.ActiveCfg = Debug|Any CPU
		{B6068A27-D803-4BA2-BD0C-F01C93E6D176}.Debug|Any CPU.Build.0 = Debug|Any CPU
		{B6068A27-D803-4BA2-BD0C-F01C93E6D176}.Release|Any CPU.ActiveCfg = Release|Any CPU
		{B6068A27-D803-4BA2-BD0C-F01C93E6D176}.Release|Any CPU.Build.0 = Release|Any CPU
		{B0541AC5-9EBB-48AE-8B05-F2E1EDD84D64}.Debug|Any CPU.ActiveCfg = Debug|Any CPU
		{B0541AC5-9EBB-48AE-8B05-F2E1EDD84D64}.Debug|Any CPU.Build.0 = Debug|Any CPU
		{B0541AC5-9EBB-48AE-8B05-F2E1EDD84D64}.Release|Any CPU.ActiveCfg = Release|Any CPU
		{B0541AC5-9EBB-48AE-8B05-F2E1EDD84D64}.Release|Any CPU.Build.0 = Release|Any CPU
		{84169272-2593-47CD-B077-D15E6F8C421D}.Debug|Any CPU.ActiveCfg = Debug|Any CPU
		{84169272-2593-47CD-B077-D15E6F8C421D}.Debug|Any CPU.Build.0 = Debug|Any CPU
		{84169272-2593-47CD-B077-D15E6F8C421D}.Release|Any CPU.ActiveCfg = Release|Any CPU
		{84169272-2593-47CD-B077-D15E6F8C421D}.Release|Any CPU.Build.0 = Release|Any CPU
		{0858A235-1022-4889-A98F-6BDB0F650B57}.Debug|Any CPU.ActiveCfg = Debug|Any CPU
		{0858A235-1022-4889-A98F-6BDB0F650B57}.Debug|Any CPU.Build.0 = Debug|Any CPU
		{0858A235-1022-4889-A98F-6BDB0F650B57}.Release|Any CPU.ActiveCfg = Release|Any CPU
		{0858A235-1022-4889-A98F-6BDB0F650B57}.Release|Any CPU.Build.0 = Release|Any CPU
		{C3AF327D-A309-4D57-A560-FF919A8CDB0B}.Debug|Any CPU.ActiveCfg = Debug|Any CPU
		{C3AF327D-A309-4D57-A560-FF919A8CDB0B}.Debug|Any CPU.Build.0 = Debug|Any CPU
		{C3AF327D-A309-4D57-A560-FF919A8CDB0B}.Release|Any CPU.ActiveCfg = Release|Any CPU
		{C3AF327D-A309-4D57-A560-FF919A8CDB0B}.Release|Any CPU.Build.0 = Release|Any CPU
		{74614DA3-7A0B-4D86-A099-52B4FE5D8304}.Debug|Any CPU.ActiveCfg = Debug|Any CPU
		{74614DA3-7A0B-4D86-A099-52B4FE5D8304}.Debug|Any CPU.Build.0 = Debug|Any CPU
		{74614DA3-7A0B-4D86-A099-52B4FE5D8304}.Release|Any CPU.ActiveCfg = Release|Any CPU
		{74614DA3-7A0B-4D86-A099-52B4FE5D8304}.Release|Any CPU.Build.0 = Release|Any CPU
		{260CE8B8-3F69-4171-8DF7-8000068BBF13}.Debug|Any CPU.ActiveCfg = Debug|Any CPU
		{260CE8B8-3F69-4171-8DF7-8000068BBF13}.Debug|Any CPU.Build.0 = Debug|Any CPU
		{260CE8B8-3F69-4171-8DF7-8000068BBF13}.Release|Any CPU.ActiveCfg = Release|Any CPU
		{260CE8B8-3F69-4171-8DF7-8000068BBF13}.Release|Any CPU.Build.0 = Release|Any CPU
		{3A600BE4-CC4E-4434-9745-5CAE742B1DCD}.Debug|Any CPU.ActiveCfg = Debug|Any CPU
		{3A600BE4-CC4E-4434-9745-5CAE742B1DCD}.Debug|Any CPU.Build.0 = Debug|Any CPU
		{3A600BE4-CC4E-4434-9745-5CAE742B1DCD}.Release|Any CPU.ActiveCfg = Release|Any CPU
		{3A600BE4-CC4E-4434-9745-5CAE742B1DCD}.Release|Any CPU.Build.0 = Release|Any CPU
		{2D997E9D-4D10-4999-9D5C-6476E6A5DE4B}.Debug|Any CPU.ActiveCfg = Debug|Any CPU
		{2D997E9D-4D10-4999-9D5C-6476E6A5DE4B}.Debug|Any CPU.Build.0 = Debug|Any CPU
		{2D997E9D-4D10-4999-9D5C-6476E6A5DE4B}.Release|Any CPU.ActiveCfg = Release|Any CPU
		{2D997E9D-4D10-4999-9D5C-6476E6A5DE4B}.Release|Any CPU.Build.0 = Release|Any CPU
		{CE61BF0A-622B-4964-AFAF-CE4F19B8E2F2}.Debug|Any CPU.ActiveCfg = Debug|Any CPU
		{CE61BF0A-622B-4964-AFAF-CE4F19B8E2F2}.Debug|Any CPU.Build.0 = Debug|Any CPU
		{CE61BF0A-622B-4964-AFAF-CE4F19B8E2F2}.Release|Any CPU.ActiveCfg = Release|Any CPU
		{CE61BF0A-622B-4964-AFAF-CE4F19B8E2F2}.Release|Any CPU.Build.0 = Release|Any CPU
		{21FA6A47-C067-4E28-B64B-62F108509A7B}.Debug|Any CPU.ActiveCfg = Debug|Any CPU
		{21FA6A47-C067-4E28-B64B-62F108509A7B}.Debug|Any CPU.Build.0 = Debug|Any CPU
		{21FA6A47-C067-4E28-B64B-62F108509A7B}.Release|Any CPU.ActiveCfg = Release|Any CPU
		{21FA6A47-C067-4E28-B64B-62F108509A7B}.Release|Any CPU.Build.0 = Release|Any CPU
		{C7753499-C0F3-491C-AB20-8D40476441F6}.Debug|Any CPU.ActiveCfg = Debug|Any CPU
		{C7753499-C0F3-491C-AB20-8D40476441F6}.Debug|Any CPU.Build.0 = Debug|Any CPU
		{C7753499-C0F3-491C-AB20-8D40476441F6}.Release|Any CPU.ActiveCfg = Release|Any CPU
		{C7753499-C0F3-491C-AB20-8D40476441F6}.Release|Any CPU.Build.0 = Release|Any CPU
		{A5E191A6-F1DD-42B5-8AE9-C483E21B703F}.Debug|Any CPU.ActiveCfg = Debug|Any CPU
		{A5E191A6-F1DD-42B5-8AE9-C483E21B703F}.Debug|Any CPU.Build.0 = Debug|Any CPU
		{A5E191A6-F1DD-42B5-8AE9-C483E21B703F}.Release|Any CPU.ActiveCfg = Release|Any CPU
		{A5E191A6-F1DD-42B5-8AE9-C483E21B703F}.Release|Any CPU.Build.0 = Release|Any CPU
		{75CCA906-E263-471A-ABC6-FC29502F1635}.Debug|Any CPU.ActiveCfg = Debug|Any CPU
		{75CCA906-E263-471A-ABC6-FC29502F1635}.Debug|Any CPU.Build.0 = Debug|Any CPU
		{75CCA906-E263-471A-ABC6-FC29502F1635}.Release|Any CPU.ActiveCfg = Release|Any CPU
		{75CCA906-E263-471A-ABC6-FC29502F1635}.Release|Any CPU.Build.0 = Release|Any CPU
		{EBE32100-0BC1-4658-AC3C-9564F0FDB317}.Debug|Any CPU.ActiveCfg = Debug|Any CPU
		{EBE32100-0BC1-4658-AC3C-9564F0FDB317}.Debug|Any CPU.Build.0 = Debug|Any CPU
		{EBE32100-0BC1-4658-AC3C-9564F0FDB317}.Release|Any CPU.ActiveCfg = Release|Any CPU
		{EBE32100-0BC1-4658-AC3C-9564F0FDB317}.Release|Any CPU.Build.0 = Release|Any CPU
		{C85DA8CA-65BC-4AB2-B960-A980B84A1CE8}.Debug|Any CPU.ActiveCfg = Debug|Any CPU
		{C85DA8CA-65BC-4AB2-B960-A980B84A1CE8}.Debug|Any CPU.Build.0 = Debug|Any CPU
		{C85DA8CA-65BC-4AB2-B960-A980B84A1CE8}.Release|Any CPU.ActiveCfg = Release|Any CPU
		{C85DA8CA-65BC-4AB2-B960-A980B84A1CE8}.Release|Any CPU.Build.0 = Release|Any CPU
	EndGlobalSection
	GlobalSection(SolutionProperties) = preSolution
		HideSolutionNode = FALSE
	EndGlobalSection
	GlobalSection(NestedProjects) = preSolution
		{FC85515B-53CD-4BF9-80D3-26FBBFB8F093} = {98E5590B-CAA3-444B-8826-39EFC1775C12}
		{6333653C-4FE7-4756-8156-98DA7E029B78} = {98E5590B-CAA3-444B-8826-39EFC1775C12}
		{2CFACBC5-6FCC-48E1-B65D-B4C7EC56C6BC} = {98E5590B-CAA3-444B-8826-39EFC1775C12}
		{B6068A27-D803-4BA2-BD0C-F01C93E6D176} = {98E5590B-CAA3-444B-8826-39EFC1775C12}
		{B0541AC5-9EBB-48AE-8B05-F2E1EDD84D64} = {98E5590B-CAA3-444B-8826-39EFC1775C12}
		{84169272-2593-47CD-B077-D15E6F8C421D} = {5332BC83-5D08-4BDB-895A-105ED8C74938}
		{0858A235-1022-4889-A98F-6BDB0F650B57} = {5332BC83-5D08-4BDB-895A-105ED8C74938}
		{C3AF327D-A309-4D57-A560-FF919A8CDB0B} = {5332BC83-5D08-4BDB-895A-105ED8C74938}
		{74614DA3-7A0B-4D86-A099-52B4FE5D8304} = {5332BC83-5D08-4BDB-895A-105ED8C74938}
		{260CE8B8-3F69-4171-8DF7-8000068BBF13} = {5332BC83-5D08-4BDB-895A-105ED8C74938}
		{3A600BE4-CC4E-4434-9745-5CAE742B1DCD} = {60C18DDF-CFDE-4290-A96C-2E9F6C9FB3DC}
		{2D997E9D-4D10-4999-9D5C-6476E6A5DE4B} = {60C18DDF-CFDE-4290-A96C-2E9F6C9FB3DC}
		{CE61BF0A-622B-4964-AFAF-CE4F19B8E2F2} = {60C18DDF-CFDE-4290-A96C-2E9F6C9FB3DC}
		{21FA6A47-C067-4E28-B64B-62F108509A7B} = {60C18DDF-CFDE-4290-A96C-2E9F6C9FB3DC}
		{C7753499-C0F3-491C-AB20-8D40476441F6} = {DC049AB2-A470-40B7-AF2D-BC188B4ED5D5}
		{A5E191A6-F1DD-42B5-8AE9-C483E21B703F} = {DC049AB2-A470-40B7-AF2D-BC188B4ED5D5}
		{75CCA906-E263-471A-ABC6-FC29502F1635} = {DC049AB2-A470-40B7-AF2D-BC188B4ED5D5}
		{EBE32100-0BC1-4658-AC3C-9564F0FDB317} = {DC049AB2-A470-40B7-AF2D-BC188B4ED5D5}
		{C85DA8CA-65BC-4AB2-B960-A980B84A1CE8} = {A14751C9-3E04-4B66-996A-6F2745ABD4ED}
	EndGlobalSection
	GlobalSection(ExtensibilityGlobals) = postSolution
		SolutionGuid = {4DB58093-D3AD-4666-BC1C-D56EC992729A}
	EndGlobalSection
EndGlobal
